
Microsoft Visual Studio Solution File, Format Version 12.00
# Visual Studio 2008
Project("{FAE04EC0-301F-11D3-BF4B-00C04F79EFBC}") = "GAPhoto", "GAPhoto.csproj", "{0277A3C3-9FE0-4CCA-BBA8-D4C28AEE05FE}"
EndProject
Global
	GlobalSection(SolutionConfigurationPlatforms) = preSolution
		Debug|Any CPU = Debug|Any CPU
		Debug|Mixed Platforms = Debug|Mixed Platforms
		Debug|Win32 = Debug|Win32
		Release|Any CPU = Release|Any CPU
		Release|Mixed Platforms = Release|Mixed Platforms
		Release|Win32 = Release|Win32
	EndGlobalSection
	GlobalSection(ProjectConfigurationPlatforms) = postSolution
		{0277A3C3-9FE0-4CCA-BBA8-D4C28AEE05FE}.Debug|Any CPU.ActiveCfg = Debug|Any CPU
		{0277A3C3-9FE0-4CCA-BBA8-D4C28AEE05FE}.Debug|Any CPU.Build.0 = Debug|Any CPU
		{0277A3C3-9FE0-4CCA-BBA8-D4C28AEE05FE}.Debug|Mixed Platforms.ActiveCfg = Debug|Any CPU
		{0277A3C3-9FE0-4CCA-BBA8-D4C28AEE05FE}.Debug|Mixed Platforms.Build.0 = Debug|Any CPU
		{0277A3C3-9FE0-4CCA-BBA8-D4C28AEE05FE}.Debug|Win32.ActiveCfg = Debug|Any CPU
		{0277A3C3-9FE0-4CCA-BBA8-D4C28AEE05FE}.Release|Any CPU.ActiveCfg = Release|Any CPU
		{0277A3C3-9FE0-4CCA-BBA8-D4C28AEE05FE}.Release|Any CPU.Build.0 = Release|Any CPU
		{0277A3C3-9FE0-4CCA-BBA8-D4C28AEE05FE}.Release|Mixed Platforms.ActiveCfg = Release|Any CPU
		{0277A3C3-9FE0-4CCA-BBA8-D4C28AEE05FE}.Release|Mixed Platforms.Build.0 = Release|Any CPU
		{0277A3C3-9FE0-4CCA-BBA8-D4C28AEE05FE}.Release|Win32.ActiveCfg = Release|Any CPU
	EndGlobalSection
	GlobalSection(SolutionProperties) = preSolution
		HideSolutionNode = FALSE
	EndGlobalSection
EndGlobal
